// !$*UTF8*$!
{
	archiveVersion = 1;
	classes = {
	};
	objectVersion = 56;
	objects = {

/* Begin PBXBuildFile section */
		001000000000000000000001 /* ShadowNurseryApp.swift in Sources */ = {isa = PBXBuildFile; fileRef = 002000000000000000000001 /* ShadowNurseryApp.swift */; };
		001000000000000000000002 /* AppDelegate.swift in Sources */ = {isa = PBXBuildFile; fileRef = 002000000000000000000002 /* AppDelegate.swift */; };
		001000000000000000000003 /* ShadowStage.swift in Sources */ = {isa = PBXBuildFile; fileRef = 002000000000000000000003 /* ShadowStage.swift */; };
		001000000000000000000004 /* ShadowState.swift in Sources */ = {isa = PBXBuildFile; fileRef = 002000000000000000000004 /* ShadowState.swift */; };
		001000000000000000000005 /* FurnitureState.swift in Sources */ = {isa = PBXBuildFile; fileRef = 002000000000000000000005 /* FurnitureState.swift */; };
		001000000000000000000006 /* MemoryFragment.swift in Sources */ = {isa = PBXBuildFile; fileRef = 002000000000000000000006 /* MemoryFragment.swift */; };
		001000000000000000000007 /* ShadowPrompt.swift in Sources */ = {isa = PBXBuildFile; fileRef = 002000000000000000000007 /* ShadowPrompt.swift */; };
		001000000000000000000008 /* StateEffect.swift in Sources */ = {isa = PBXBuildFile; fileRef = 002000000000000000000008 /* StateEffect.swift */; };
		001000000000000000000009 /* RoomState.swift in Sources */ = {isa = PBXBuildFile; fileRef = 002000000000000000000009 /* RoomState.swift */; };
		001000000000000000000010 /* GameState.swift in Sources */ = {isa = PBXBuildFile; fileRef = 002000000000000000000010 /* GameState.swift */; };
		001000000000000000000011 /* DefaultGameState.swift in Sources */ = {isa = PBXBuildFile; fileRef = 002000000000000000000011 /* DefaultGameState.swift */; };
		001000000000000000000012 /* PersistenceService.swift in Sources */ = {isa = PBXBuildFile; fileRef = 002000000000000000000012 /* PersistenceService.swift */; };
		001000000000000000000013 /* GameViewModel.swift in Sources */ = {isa = PBXBuildFile; fileRef = 002000000000000000000013 /* GameViewModel.swift */; };
		001000000000000000000014 /* RoomView.swift in Sources */ = {isa = PBXBuildFile; fileRef = 002000000000000000000014 /* RoomView.swift */; };
		001000000000000000000015 /* RoomScene.swift in Sources */ = {isa = PBXBuildFile; fileRef = 002000000000000000000015 /* RoomScene.swift */; };
/* End PBXBuildFile section */

/* Begin PBXFileReference section */
		002000000000000000000001 /* ShadowNurseryApp.swift */ = {isa = PBXFileReference; lastKnownFileType = sourcecode.swift; path = ShadowNurseryApp.swift; sourceTree = "<group>"; };
		002000000000000000000002 /* AppDelegate.swift */ = {isa = PBXFileReference; lastKnownFileType = sourcecode.swift; path = AppDelegate.swift; sourceTree = "<group>"; };
		002000000000000000000003 /* ShadowStage.swift */ = {isa = PBXFileReference; lastKnownFileType = sourcecode.swift; path = ShadowStage.swift; sourceTree = "<group>"; };
		002000000000000000000004 /* ShadowState.swift */ = {isa = PBXFileReference; lastKnownFileType = sourcecode.swift; path = ShadowState.swift; sourceTree = "<group>"; };
		002000000000000000000005 /* FurnitureState.swift */ = {isa = PBXFileReference; lastKnownFileType = sourcecode.swift; path = FurnitureState.swift; sourceTree = "<group>"; };
		002000000000000000000006 /* MemoryFragment.swift */ = {isa = PBXFileReference; lastKnownFileType = sourcecode.swift; path = MemoryFragment.swift; sourceTree = "<group>"; };
		002000000000000000000007 /* ShadowPrompt.swift */ = {isa = PBXFileReference; lastKnownFileType = sourcecode.swift; path = ShadowPrompt.swift; sourceTree = "<group>"; };
		002000000000000000000008 /* StateEffect.swift */ = {isa = PBXFileReference; lastKnownFileType = sourcecode.swift; path = StateEffect.swift; sourceTree = "<group>"; };
		002000000000000000000009 /* RoomState.swift */ = {isa = PBXFileReference; lastKnownFileType = sourcecode.swift; path = RoomState.swift; sourceTree = "<group>"; };
		002000000000000000000010 /* GameState.swift */ = {isa = PBXFileReference; lastKnownFileType = sourcecode.swift; path = GameState.swift; sourceTree = "<group>"; };
		002000000000000000000011 /* DefaultGameState.swift */ = {isa = PBXFileReference; lastKnownFileType = sourcecode.swift; path = DefaultGameState.swift; sourceTree = "<group>"; };
		002000000000000000000012 /* PersistenceService.swift */ = {isa = PBXFileReference; lastKnownFileType = sourcecode.swift; path = PersistenceService.swift; sourceTree = "<group>"; };
		002000000000000000000013 /* GameViewModel.swift */ = {isa = PBXFileReference; lastKnownFileType = sourcecode.swift; path = GameViewModel.swift; sourceTree = "<group>"; };
		002000000000000000000014 /* RoomView.swift */ = {isa = PBXFileReference; lastKnownFileType = sourcecode.swift; path = RoomView.swift; sourceTree = "<group>"; };
		002000000000000000000015 /* RoomScene.swift */ = {isa = PBXFileReference; lastKnownFileType = sourcecode.swift; path = RoomScene.swift; sourceTree = "<group>"; };
		002000000000000000000020 /* ShadowNursery.app */ = {isa = PBXFileReference; explicitFileType = wrapper.application; includeInIndex = 0; path = ShadowNursery.app; sourceTree = BUILT_PRODUCTS_DIR; };
/* End PBXFileReference section */

/* Begin PBXFrameworksBuildPhase section */
		003000000000000000000001 /* Frameworks */ = {
			isa = PBXFrameworksBuildPhase;
			buildActionMask = 2147483647;
			files = (
			);
			runOnlyForDeploymentPostprocessing = 0;
		};
/* End PBXFrameworksBuildPhase section */

/* Begin PBXGroup section */
		004000000000000000000001 = {
			isa = PBXGroup;
			children = (
				004000000000000000000002 /* ShadowNursery */,
				004000000000000000000010 /* Products */,
			);
			sourceTree = "<group>";
		};
		004000000000000000000002 /* ShadowNursery */ = {
			isa = PBXGroup;
			children = (
				004000000000000000000003 /* App */,
				004000000000000000000004 /* Models */,
				004000000000000000000005 /* Systems */,
				004000000000000000000006 /* ViewModels */,
				004000000000000000000007 /* Views */,
				004000000000000000000008 /* SpriteKit */,
				004000000000000000000009 /* Content */,
			);
			path = ShadowNursery;
			sourceTree = "<group>";
		};
		004000000000000000000003 /* App */ = {
			isa = PBXGroup;
			children = (
				002000000000000000000001 /* ShadowNurseryApp.swift */,
				002000000000000000000002 /* AppDelegate.swift */,
			);
			path = App;
			sourceTree = "<group>";
		};
		004000000000000000000004 /* Models */ = {
			isa = PBXGroup;
			children = (
				002000000000000000000003 /* ShadowStage.swift */,
				002000000000000000000004 /* ShadowState.swift */,
				002000000000000000000005 /* FurnitureState.swift */,
				002000000000000000000006 /* MemoryFragment.swift */,
				002000000000000000000007 /* ShadowPrompt.swift */,
				002000000000000000000008 /* StateEffect.swift */,
				002000000000000000000009 /* RoomState.swift */,
				002000000000000000000010 /* GameState.swift */,
			);
			path = Models;
			sourceTree = "<group>";
		};
		004000000000000000000005 /* Systems */ = {
			isa = PBXGroup;
			children = (
				002000000000000000000012 /* PersistenceService.swift */,
			);
			path = Systems;
			sourceTree = "<group>";
		};
		004000000000000000000006 /* ViewModels */ = {
			isa = PBXGroup;
			children = (
				002000000000000000000013 /* GameViewModel.swift */,
			);
			path = ViewModels;
			sourceTree = "<group>";
		};
		004000000000000000000007 /* Views */ = {
			isa = PBXGroup;
			children = (
				002000000000000000000014 /* RoomView.swift */,
			);
			path = Views;
			sourceTree = "<group>";
		};
		004000000000000000000008 /* SpriteKit */ = {
			isa = PBXGroup;
			children = (
				002000000000000000000015 /* RoomScene.swift */,
			);
			path = SpriteKit;
			sourceTree = "<group>";
		};
		004000000000000000000009 /* Content */ = {
			isa = PBXGroup;
			children = (
				002000000000000000000011 /* DefaultGameState.swift */,
			);
			path = Content;
			sourceTree = "<group>";
		};
		004000000000000000000010 /* Products */ = {
			isa = PBXGroup;
			children = (
				002000000000000000000020 /* ShadowNursery.app */,
			);
			name = Products;
			sourceTree = "<group>";
		};
/* End PBXGroup section */

/* Begin PBXNativeTarget section */
		005000000000000000000001 /* ShadowNursery */ = {
			isa = PBXNativeTarget;
			buildConfigurationList = 006000000000000000000002 /* Build configuration list for PBXNativeTarget "ShadowNursery" */;
			buildPhases = (
				003000000000000000000002 /* Sources */,
				003000000000000000000001 /* Frameworks */,
				003000000000000000000003 /* Resources */,
			);
			buildRules = (
			);
			dependencies = (
			);
			name = ShadowNursery;
			productName = ShadowNursery;
			productReference = 002000000000000000000020 /* ShadowNursery.app */;
			productType = "com.apple.product-type.application";
		};
/* End PBXNativeTarget section */

/* Begin PBXProject section */
		007000000000000000000001 /* Project object */ = {
			isa = PBXProject;
			attributes = {
				BuildIndependentTargetsInParallel = 1;
				LastSwiftUpdateCheck = 1600;
				LastUpgradeCheck = 1600;
				TargetAttributes = {
					005000000000000000000001 = {
						CreatedOnToolsVersion = 16.0;
					};
				};
			};
			buildConfigurationList = 006000000000000000000001 /* Build configuration list for PBXProject "ShadowNursery" */;
			compatibilityVersion = "Xcode 14.0";
			developmentRegion = en;
			hasScannedForEncodings = 0;
			knownRegions = (
				en,
				Base,
			);
			mainGroup = 004000000000000000000001;
			productRefGroup = 004000000000000000000010 /* Products */;
			projectDirPath = "";
			projectRoot = "";
			targets = (
				005000000000000000000001 /* ShadowNursery */,
			);
		};
/* End PBXProject section */

/* Begin PBXResourcesBuildPhase section */
		003000000000000000000003 /* Resources */ = {
			isa = PBXResourcesBuildPhase;
			buildActionMask = 2147483647;
			files = (
			);
			runOnlyForDeploymentPostprocessing = 0;
		};
/* End PBXResourcesBuildPhase section */

/* Begin PBXSourcesBuildPhase section */
		003000000000000000000002 /* Sources */ = {
			isa = PBXSourcesBuildPhase;
			buildActionMask = 2147483647;
			files = (
				001000000000000000000001 /* ShadowNurseryApp.swift in Sources */,
				001000000000000000000002 /* AppDelegate.swift in Sources */,
				001000000000000000000003 /* ShadowStage.swift in Sources */,
				001000000000000000000004 /* ShadowState.swift in Sources */,
				001000000000000000000005 /* FurnitureState.swift in Sources */,
				001000000000000000000006 /* MemoryFragment.swift in Sources */,
				001000000000000000000007 /* ShadowPrompt.swift in Sources */,
				001000000000000000000008 /* StateEffect.swift in Sources */,
				001000000000000000000009 /* RoomState.swift in Sources */,
				001000000000000000000010 /* GameState.swift in Sources */,
				001000000000000000000011 /* DefaultGameState.swift in Sources */,
				001000000000000000000012 /* PersistenceService.swift in Sources */,
				001000000000000000000013 /* GameViewModel.swift in Sources */,
				001000000000000000000014 /* RoomView.swift in Sources */,
				001000000000000000000015 /* RoomScene.swift in Sources */,
			);
			runOnlyForDeploymentPostprocessing = 0;
		};
/* End PBXSourcesBuildPhase section */

/* Begin XCBuildConfiguration section */
		008000000000000000000001 /* Debug */ = {
			isa = XCBuildConfiguration;
			buildSettings = {
				ALWAYS_SEARCH_USER_PATHS = NO;
				CLANG_ANALYZER_NONNULL = YES;
				CLANG_ANALYZER_NUMBER_OBJECT_CONVERSION = YES_AGGRESSIVE;
				CLANG_CXX_LANGUAGE_STANDARD = "gnu++20";
				CLANG_ENABLE_MODULES = YES;
				CLANG_ENABLE_OBJC_ARC = YES;
				CLANG_ENABLE_OBJC_WEAK = YES;
				CLANG_WARN_BLOCK_CAPTURE_AUTORELEASING = YES;
				CLANG_WARN_BOOL_CONVERSION = YES;
				CLANG_WARN_COMMA = YES;
				CLANG_WARN_CONSTANT_CONVERSION = YES;
				CLANG_WARN_DEPRECATED_OBJC_IMPLEMENTATIONS = YES;
				CLANG_WARN_DIRECT_OBJC_ISA_USAGE = YES_ERROR;
				CLANG_WARN_DOCUMENTATION_COMMENTS = YES;
				CLANG_WARN_EMPTY_BODY = YES;
				CLANG_WARN_ENUM_CONVERSION = YES;
				CLANG_WARN_INFINITE_RECURSION = YES;
				CLANG_WARN_INT_CONVERSION = YES;
				CLANG_WARN_NON_LITERAL_NULL_CONVERSION = YES;
				CLANG_WARN_OBJC_IMPLICIT_RETAIN_SELF = YES;
				CLANG_WARN_OBJC_LITERAL_CONVERSION = YES;
				CLANG_WARN_OBJC_ROOT_CLASS = YES_ERROR;
				CLANG_WARN_QUOTED_INCLUDE_IN_FRAMEWORK_HEADER = YES;
				CLANG_WARN_RANGE_LOOP_ANALYSIS = YES;
				CLANG_WARN_STRICT_PROTOTYPES = YES;
				CLANG_WARN_SUSPICIOUS_MOVE = YES;
				CLANG_WARN_UNGUARDED_AVAILABILITY = YES_AGGRESSIVE;
				CLANG_WARN_UNREACHABLE_CODE = YES;
				CLANG_WARN__DUPLICATE_METHOD_MATCH = YES;
				COPY_PHASE_STRIP = NO;
				DEBUG_INFORMATION_FORMAT = dwarf;
				ENABLE_STRICT_OBJC_MSGSEND = YES;
				ENABLE_TESTABILITY = YES;
				ENABLE_USER_SCRIPT_SANDBOXING = YES;
				GCC_C_LANGUAGE_STANDARD = gnu17;
				GCC_DYNAMIC_NO_PIC = NO;
				GCC_NO_COMMON_BLOCKS = YES;
				GCC_OPTIMIZATION_LEVEL = 0;
				GCC_PREPROCESSOR_DEFINITIONS = (
					"DEBUG=1",
					"$(inherited)",
				);
				GCC_WARN_64_TO_32_BIT_CONVERSION = YES;
				GCC_WARN_ABOUT_RETURN_TYPE = YES_ERROR;
				GCC_WARN_UNDECLARED_SELECTOR = YES;
				GCC_WARN_UNINITIALIZED_AUTOS = YES_AGGRESSIVE;
				GCC_WARN_UNUSED_FUNCTION = YES;
				GCC_WARN_UNUSED_VARIABLE = YES;
				IPHONEOS_DEPLOYMENT_TARGET = 16.0;
				MTL_ENABLE_DEBUG_INFO = INCLUDE_SOURCE;
				MTL_FAST_MATH = YES;
				ONLY_ACTIVE_ARCH = YES;
				SDKROOT = iphoneos;
				SWIFT_ACTIVE_COMPILATION_CONDITIONS = DEBUG;
				SWIFT_OPTIMIZATION_LEVEL = "-Onone";
			};
			name = Debug;
		};
		008000000000000000000002 /* Release */ = {
			isa = XCBuildConfiguration;
			buildSettings = {
				ALWAYS_SEARCH_USER_PATHS = NO;
				CLANG_ANALYZER_NONNULL = YES;
				CLANG_ANALYZER_NUMBER_OBJECT_CONVERSION = YES_AGGRESSIVE;
				CLANG_CXX_LANGUAGE_STANDARD = "gnu++20";
				CLANG_ENABLE_MODULES = YES;
				CLANG_ENABLE_OBJC_ARC = YES;
				CLANG_ENABLE_OBJC_WEAK = YES;
				CLANG_WARN_BLOCK_CAPTURE_AUTORELEASING = YES;
				CLANG_WARN_BOOL_CONVERSION = YES;
				CLANG_WARN_COMMA = YES;
				CLANG_WARN_CONSTANT_CONVERSION = YES;
				CLANG_WARN_DEPRECATED_OBJC_IMPLEMENTATIONS = YES;
				CLANG_WARN_DIRECT_OBJC_ISA_USAGE = YES_ERROR;
				CLANG_WARN_DOCUMENTATION_COMMENTS = YES;
				CLANG_WARN_EMPTY_BODY = YES;
				CLANG_WARN_ENUM_CONVERSION = YES;
				CLANG_WARN_INFINITE_RECURSION = YES;
				CLANG_WARN_INT_CONVERSION = YES;
				CLANG_WARN_NON_LITERAL_NULL_CONVERSION = YES;
				CLANG_WARN_OBJC_IMPLICIT_RETAIN_SELF = YES;
				CLANG_WARN_OBJC_LITERAL_CONVERSION = YES;
				CLANG_WARN_OBJC_ROOT_CLASS = YES_ERROR;
				CLANG_WARN_QUOTED_INCLUDE_IN_FRAMEWORK_HEADER = YES;
				CLANG_WARN_RANGE_LOOP_ANALYSIS = YES;
				CLANG_WARN_STRICT_PROTOTYPES = YES;
				CLANG_WARN_SUSPICIOUS_MOVE = YES;
				CLANG_WARN_UNGUARDED_AVAILABILITY = YES_AGGRESSIVE;
				CLANG_WARN_UNREACHABLE_CODE = YES;
				CLANG_WARN__DUPLICATE_METHOD_MATCH = YES;
				COPY_PHASE_STRIP = NO;
				DEBUG_INFORMATION_FORMAT = "dwarf-with-dsym";
				ENABLE_NS_ASSERTIONS = NO;
				ENABLE_STRICT_OBJC_MSGSEND = YES;
				ENABLE_USER_SCRIPT_SANDBOXING = YES;
				GCC_C_LANGUAGE_STANDARD = gnu17;
				GCC_NO_COMMON_BLOCKS = YES;
				GCC_WARN_64_TO_32_BIT_CONVERSION = YES;
				GCC_WARN_ABOUT_RETURN_TYPE = YES_ERROR;
				GCC_WARN_UNDECLARED_SELECTOR = YES;
				GCC_WARN_UNINITIALIZED_AUTOS = YES_AGGRESSIVE;
				GCC_WARN_UNUSED_FUNCTION = YES;
				GCC_WARN_UNUSED_VARIABLE = YES;
				IPHONEOS_DEPLOYMENT_TARGET = 16.0;
				MTL_ENABLE_DEBUG_INFO = NO;
				MTL_FAST_MATH = YES;
				SDKROOT = iphoneos;
				SWIFT_COMPILATION_MODE = wholemodule;
				SWIFT_OPTIMIZATION_LEVEL = "-O";
				VALIDATE_PRODUCT = YES;
			};
			name = Release;
		};
		008000000000000000000003 /* Debug */ = {
			isa = XCBuildConfiguration;
			buildSettings = {
				ASSETCATALOG_COMPILER_GLOBAL_ACCENT_COLOR_NAME = AccentColor;
				CODE_SIGN_STYLE = Automatic;
				CURRENT_PROJECT_VERSION = 1;
				DEVELOPMENT_ASSET_PATHS = "";
				DEVELOPMENT_TEAM = "";
				ENABLE_PREVIEWS = YES;
				GENERATE_INFOPLIST_FILE = YES;
				INFOPLIST_KEY_UIApplicationSceneManifest_Generation = YES;
				INFOPLIST_KEY_UIApplicationSupportsIndirectInputEvents = YES;
				INFOPLIST_KEY_UILaunchScreen_Generation = YES;
				INFOPLIST_KEY_UISupportedInterfaceOrientations_iPad = "UIInterfaceOrientationPortrait UIInterfaceOrientationPortraitUpsideDown UIInterfaceOrientationLandscapeLeft UIInterfaceOrientationLandscapeRight";
				INFOPLIST_KEY_UISupportedInterfaceOrientations_iPhone = "UIInterfaceOrientationPortrait";
				LD_RUNPATH_SEARCH_PATHS = (
					"$(inherited)",
					"@executable_path/Frameworks",
				);
				MARKETING_VERSION = 0.1.0;
				PRODUCT_BUNDLE_IDENTIFIER = "com.kntnexthash.ShadowNursery";
				PRODUCT_NAME = "$(TARGET_NAME)";
				SUPPORTED_PLATFORMS = "iphoneos iphonesimulator";
				SUPPORTS_MACCATALYST = NO;
				SUPPORTS_MAC_DESIGNED_FOR_IPHONE_IPAD = NO;
				SWIFT_EMIT_LOC_STRINGS = YES;
				SWIFT_VERSION = 5.9;
				TARGETED_DEVICE_FAMILY = "1,2";
			};
			name = Debug;
		};
		008000000000000000000004 /* Release */ = {
			isa = XCBuildConfiguration;
			buildSettings = {
				ASSETCATALOG_COMPILER_GLOBAL_ACCENT_COLOR_NAME = AccentColor;
				CODE_SIGN_STYLE = Automatic;
				CURRENT_PROJECT_VERSION = 1;
				DEVELOPMENT_ASSET_PATHS = "";
				DEVELOPMENT_TEAM = "";
				ENABLE_PREVIEWS = YES;
				GENERATE_INFOPLIST_FILE = YES;
				INFOPLIST_KEY_UIApplicationSceneManifest_Generation = YES;
				INFOPLIST_KEY_UIApplicationSupportsIndirectInputEvents = YES;
				INFOPLIST_KEY_UILaunchScreen_Generation = YES;
				INFOPLIST_KEY_UISupportedInterfaceOrientations_iPad = "UIInterfaceOrientationPortrait UIInterfaceOrientationPortraitUpsideDown UIInterfaceOrientationLandscapeLeft UIInterfaceOrientationLandscapeRight";
				INFOPLIST_KEY_UISupportedInterfaceOrientations_iPhone = "UIInterfaceOrientationPortrait";
				LD_RUNPATH_SEARCH_PATHS = (
					"$(inherited)",
					"@executable_path/Frameworks",
				);
				MARKETING_VERSION = 0.1.0;
				PRODUCT_BUNDLE_IDENTIFIER = "com.kntnexthash.ShadowNursery";
				PRODUCT_NAME = "$(TARGET_NAME)";
				SUPPORTED_PLATFORMS = "iphoneos iphonesimulator";
				SUPPORTS_MACCATALYST = NO;
				SUPPORTS_MAC_DESIGNED_FOR_IPHONE_IPAD = NO;
				SWIFT_EMIT_LOC_STRINGS = YES;
				SWIFT_VERSION = 5.9;
				TARGETED_DEVICE_FAMILY = "1,2";
			};
			name = Release;
		};
/* End XCBuildConfiguration section */

/* Begin XCConfigurationList section */
		006000000000000000000001 /* Build configuration list for PBXProject "ShadowNursery" */ = {
			isa = XCConfigurationList;
			buildConfigurations = (
				008000000000000000000001 /* Debug */,
				008000000000000000000002 /* Release */,
			);
			defaultConfigurationIsVisible = 0;
			defaultConfigurationName = Release;
		};
		006000000000000000000002 /* Build configuration list for PBXNativeTarget "ShadowNursery" */ = {
			isa = XCConfigurationList;
			buildConfigurations = (
				008000000000000000000003 /* Debug */,
				008000000000000000000004 /* Release */,
			);
			defaultConfigurationIsVisible = 0;
			defaultConfigurationName = Release;
		};
/* End XCConfigurationList section */
	};
	rootObject = 007000000000000000000001 /* Project object */;
}

